// !$*UTF8*$!
{
	archiveVersion = 1;
	classes = {
	};
	objectVersion = 56;
	objects = {

/* Begin PBXBuildFile section */
		E3E3AAC02B1EDE0F0047EBFA /* NotasApp.swift in Sources */ = {isa = PBXBuildFile; fileRef = E3E3AABF2B1EDE0F0047EBFA /* NotasApp.swift */; };
		E3E3AAC22B1EDE0F0047EBFA /* ContentView.swift in Sources */ = {isa = PBXBuildFile; fileRef = E3E3AAC12B1EDE0F0047EBFA /* ContentView.swift */; };
		E3E3AAC62B1EDE110047EBFA /* Assets.xcassets in Resources */ = {isa = PBXBuildFile; fileRef = E3E3AAC52B1EDE110047EBFA /* Assets.xcassets */; };
		E3E3AAC92B1EDE110047EBFA /* Preview Assets.xcassets in Resources */ = {isa = PBXBuildFile; fileRef = E3E3AAC82B1EDE110047EBFA /* Preview Assets.xcassets */; };
		E3E3AAD02B1EE01A0047EBFA /* Note.swift in Sources */ = {isa = PBXBuildFile; fileRef = E3E3AACF2B1EE01A0047EBFA /* Note.swift */; };
		E3E3AAD52B1EE1170047EBFA /* ViewModel.swift in Sources */ = {isa = PBXBuildFile; fileRef = E3E3AAD42B1EE1170047EBFA /* ViewModel.swift */; };
		E3E3AAD72B1F72520047EBFA /* CretaeNoteView.swift in Sources */ = {isa = PBXBuildFile; fileRef = E3E3AAD62B1F72520047EBFA /* CretaeNoteView.swift */; };
		E3E3AAD92B1F8E5A0047EBFA /* UpdateNoteView.swift in Sources */ = {isa = PBXBuildFile; fileRef = E3E3AAD82B1F8E590047EBFA /* UpdateNoteView.swift */; };
		E3E3AAE32B1FA7030047EBFA /* NotasTests.swift in Sources */ = {isa = PBXBuildFile; fileRef = E3E3AAE22B1FA7030047EBFA /* NotasTests.swift */; };
/* End PBXBuildFile section */

/* Begin PBXContainerItemProxy section */
		E3E3AAE42B1FA7030047EBFA /* PBXContainerItemProxy */ = {
			isa = PBXContainerItemProxy;
			containerPortal = E3E3AAB42B1EDE0F0047EBFA /* Project object */;
			proxyType = 1;
			remoteGlobalIDString = E3E3AABB2B1EDE0F0047EBFA;
			remoteInfo = Notas;
		};
/* End PBXContainerItemProxy section */

/* Begin PBXFileReference section */
		E3E3AABC2B1EDE0F0047EBFA /* Notas.app */ = {isa = PBXFileReference; explicitFileType = wrapper.application; includeInIndex = 0; path = Notas.app; sourceTree = BUILT_PRODUCTS_DIR; };
		E3E3AABF2B1EDE0F0047EBFA /* NotasApp.swift */ = {isa = PBXFileReference; lastKnownFileType = sourcecode.swift; path = NotasApp.swift; sourceTree = "<group>"; };
		E3E3AAC12B1EDE0F0047EBFA /* ContentView.swift */ = {isa = PBXFileReference; lastKnownFileType = sourcecode.swift; path = ContentView.swift; sourceTree = "<group>"; };
		E3E3AAC52B1EDE110047EBFA /* Assets.xcassets */ = {isa = PBXFileReference; lastKnownFileType = folder.assetcatalog; path = Assets.xcassets; sourceTree = "<group>"; };
		E3E3AAC82B1EDE110047EBFA /* Preview Assets.xcassets */ = {isa = PBXFileReference; lastKnownFileType = folder.assetcatalog; path = "Preview Assets.xcassets"; sourceTree = "<group>"; };
		E3E3AACF2B1EE01A0047EBFA /* Note.swift */ = {isa = PBXFileReference; lastKnownFileType = sourcecode.swift; path = Note.swift; sourceTree = "<group>"; };
		E3E3AAD42B1EE1170047EBFA /* ViewModel.swift */ = {isa = PBXFileReference; lastKnownFileType = sourcecode.swift; path = ViewModel.swift; sourceTree = "<group>"; };
		E3E3AAD62B1F72520047EBFA /* CretaeNoteView.swift */ = {isa = PBXFileReference; lastKnownFileType = sourcecode.swift; path = CretaeNoteView.swift; sourceTree = "<group>"; };
		E3E3AAD82B1F8E590047EBFA /* UpdateNoteView.swift */ = {isa = PBXFileReference; lastKnownFileType = sourcecode.swift; path = UpdateNoteView.swift; sourceTree = "<group>"; };
		E3E3AAE02B1FA7030047EBFA /* NotasTests.xctest */ = {isa = PBXFileReference; explicitFileType = wrapper.cfbundle; includeInIndex = 0; path = NotasTests.xctest; sourceTree = BUILT_PRODUCTS_DIR; };
		E3E3AAE22B1FA7030047EBFA /* NotasTests.swift */ = {isa = PBXFileReference; lastKnownFileType = sourcecode.swift; path = NotasTests.swift; sourceTree = "<group>"; };
/* End PBXFileReference section */

/* Begin PBXFrameworksBuildPhase section */
		E3E3AAB92B1EDE0F0047EBFA /* Frameworks */ = {
			isa = PBXFrameworksBuildPhase;
			buildActionMask = 2147483647;
			files = (
			);
			runOnlyForDeploymentPostprocessing = 0;
		};
		E3E3AADD2B1FA7030047EBFA /* Frameworks */ = {
			isa = PBXFrameworksBuildPhase;
			buildActionMask = 2147483647;
			files = (
			);
			runOnlyForDeploymentPostprocessing = 0;
		};
/* End PBXFrameworksBuildPhase section */

/* Begin PBXGroup section */
		E3E3AAB32B1EDE0F0047EBFA = {
			isa = PBXGroup;
			children = (
				E3E3AABE2B1EDE0F0047EBFA /* Notas */,
				E3E3AAE12B1FA7030047EBFA /* NotasTests */,
				E3E3AABD2B1EDE0F0047EBFA /* Products */,
			);
			sourceTree = "<group>";
		};
		E3E3AABD2B1EDE0F0047EBFA /* Products */ = {
			isa = PBXGroup;
			children = (
				E3E3AABC2B1EDE0F0047EBFA /* Notas.app */,
				E3E3AAE02B1FA7030047EBFA /* NotasTests.xctest */,
			);
			name = Products;
			sourceTree = "<group>";
		};
		E3E3AABE2B1EDE0F0047EBFA /* Notas */ = {
			isa = PBXGroup;
			children = (
				E3E3AABF2B1EDE0F0047EBFA /* NotasApp.swift */,
				E3E3AAC12B1EDE0F0047EBFA /* ContentView.swift */,
				E3E3AADB2B1FA30E0047EBFA /* ViewModel */,
				E3E3AADA2B1FA2E70047EBFA /* View */,
				E3E3AAD12B1EE0C90047EBFA /* Model */,
				E3E3AAC52B1EDE110047EBFA /* Assets.xcassets */,
				E3E3AAC72B1EDE110047EBFA /* Preview Content */,
			);
			path = Notas;
			sourceTree = "<group>";
		};
		E3E3AAC72B1EDE110047EBFA /* Preview Content */ = {
			isa = PBXGroup;
			children = (
				E3E3AAC82B1EDE110047EBFA /* Preview Assets.xcassets */,
			);
			path = "Preview Content";
			sourceTree = "<group>";
		};
		E3E3AAD12B1EE0C90047EBFA /* Model */ = {
			isa = PBXGroup;
			children = (
				E3E3AACF2B1EE01A0047EBFA /* Note.swift */,
			);
			path = Model;
			sourceTree = "<group>";
		};
		E3E3AADA2B1FA2E70047EBFA /* View */ = {
			isa = PBXGroup;
			children = (
				E3E3AAD62B1F72520047EBFA /* CretaeNoteView.swift */,
				E3E3AAD82B1F8E590047EBFA /* UpdateNoteView.swift */,
			);
			path = View;
			sourceTree = "<group>";
		};
		E3E3AADB2B1FA30E0047EBFA /* ViewModel */ = {
			isa = PBXGroup;
			children = (
				E3E3AAD42B1EE1170047EBFA /* ViewModel.swift */,
			);
			path = ViewModel;
			sourceTree = "<group>";
		};
		E3E3AAE12B1FA7030047EBFA /* NotasTests */ = {
			isa = PBXGroup;
			children = (
				E3E3AAE22B1FA7030047EBFA /* NotasTests.swift */,
			);
			path = NotasTests;
			sourceTree = "<group>";
		};
/* End PBXGroup section */

/* Begin PBXNativeTarget section */
		E3E3AABB2B1EDE0F0047EBFA /* Notas */ = {
			isa = PBXNativeTarget;
			buildConfigurationList = E3E3AACC2B1EDE110047EBFA /* Build configuration list for PBXNativeTarget "Notas" */;
			buildPhases = (
				E3E3AAB82B1EDE0F0047EBFA /* Sources */,
				E3E3AAB92B1EDE0F0047EBFA /* Frameworks */,
				E3E3AABA2B1EDE0F0047EBFA /* Resources */,
			);
			buildRules = (
			);
			dependencies = (
			);
			name = Notas;
			productName = Notas;
			productReference = E3E3AABC2B1EDE0F0047EBFA /* Notas.app */;
			productType = "com.apple.product-type.application";
		};
		E3E3AADF2B1FA7030047EBFA /* NotasTests */ = {
			isa = PBXNativeTarget;
			buildConfigurationList = E3E3AAE82B1FA7030047EBFA /* Build configuration list for PBXNativeTarget "NotasTests" */;
			buildPhases = (
				E3E3AADC2B1FA7030047EBFA /* Sources */,
				E3E3AADD2B1FA7030047EBFA /* Frameworks */,
				E3E3AADE2B1FA7030047EBFA /* Resources */,
			);
			buildRules = (
			);
			dependencies = (
				E3E3AAE52B1FA7030047EBFA /* PBXTargetDependency */,
			);
			name = NotasTests;
			productName = NotasTests;
			productReference = E3E3AAE02B1FA7030047EBFA /* NotasTests.xctest */;
			productType = "com.apple.product-type.bundle.unit-test";
		};
/* End PBXNativeTarget section */

/* Begin PBXProject section */
		E3E3AAB42B1EDE0F0047EBFA /* Project object */ = {
			isa = PBXProject;
			attributes = {
				BuildIndependentTargetsInParallel = 1;
				LastSwiftUpdateCheck = 1500;
				LastUpgradeCheck = 1500;
				TargetAttributes = {
					E3E3AABB2B1EDE0F0047EBFA = {
						CreatedOnToolsVersion = 15.0;
					};
					E3E3AADF2B1FA7030047EBFA = {
						CreatedOnToolsVersion = 15.0;
						TestTargetID = E3E3AABB2B1EDE0F0047EBFA;
					};
				};
			};
			buildConfigurationList = E3E3AAB72B1EDE0F0047EBFA /* Build configuration list for PBXProject "Notas" */;
			compatibilityVersion = "Xcode 14.0";
			developmentRegion = en;
			hasScannedForEncodings = 0;
			knownRegions = (
				en,
				Base,
			);
			mainGroup = E3E3AAB32B1EDE0F0047EBFA;
			productRefGroup = E3E3AABD2B1EDE0F0047EBFA /* Products */;
			projectDirPath = "";
			projectRoot = "";
			targets = (
				E3E3AABB2B1EDE0F0047EBFA /* Notas */,
				E3E3AADF2B1FA7030047EBFA /* NotasTests */,
			);
		};
/* End PBXProject section */

/* Begin PBXResourcesBuildPhase section */
		E3E3AABA2B1EDE0F0047EBFA /* Resources */ = {
			isa = PBXResourcesBuildPhase;
			buildActionMask = 2147483647;
			files = (
				E3E3AAC92B1EDE110047EBFA /* Preview Assets.xcassets in Resources */,
				E3E3AAC62B1EDE110047EBFA /* Assets.xcassets in Resources */,
			);
			runOnlyForDeploymentPostprocessing = 0;
		};
		E3E3AADE2B1FA7030047EBFA /* Resources */ = {
			isa = PBXResourcesBuildPhase;
			buildActionMask = 2147483647;
			files = (
			);
			runOnlyForDeploymentPostprocessing = 0;
		};
/* End PBXResourcesBuildPhase section */

/* Begin PBXSourcesBuildPhase section */
		E3E3AAB82B1EDE0F0047EBFA /* Sources */ = {
			isa = PBXSourcesBuildPhase;
			buildActionMask = 2147483647;
			files = (
				E3E3AAD72B1F72520047EBFA /* CretaeNoteView.swift in Sources */,
				E3E3AAD52B1EE1170047EBFA /* ViewModel.swift in Sources */,
				E3E3AAC22B1EDE0F0047EBFA /* ContentView.swift in Sources */,
				E3E3AAD92B1F8E5A0047EBFA /* UpdateNoteView.swift in Sources */,
				E3E3AAC02B1EDE0F0047EBFA /* NotasApp.swift in Sources */,
				E3E3AAD02B1EE01A0047EBFA /* Note.swift in Sources */,
			);
			runOnlyForDeploymentPostprocessing = 0;
		};
		E3E3AADC2B1FA7030047EBFA /* Sources */ = {
			isa = PBXSourcesBuildPhase;
			buildActionMask = 2147483647;
			files = (
				E3E3AAE32B1FA7030047EBFA /* NotasTests.swift in Sources */,
			);
			runOnlyForDeploymentPostprocessing = 0;
		};
/* End PBXSourcesBuildPhase section */

/* Begin PBXTargetDependency section */
		E3E3AAE52B1FA7030047EBFA /* PBXTargetDependency */ = {
			isa = PBXTargetDependency;
			target = E3E3AABB2B1EDE0F0047EBFA /* Notas */;
			targetProxy = E3E3AAE42B1FA7030047EBFA /* PBXContainerItemProxy */;
		};
/* End PBXTargetDependency section */

/* Begin XCBuildConfiguration section */
		E3E3AACA2B1EDE110047EBFA /* Debug */ = {
			isa = XCBuildConfiguration;
			buildSettings = {
				ALWAYS_SEARCH_USER_PATHS = NO;
				ASSETCATALOG_COMPILER_GENERATE_SWIFT_ASSET_SYMBOL_EXTENSIONS = YES;
				CLANG_ANALYZER_NONNULL = YES;
				CLANG_ANALYZER_NUMBER_OBJECT_CONVERSION = YES_AGGRESSIVE;
				CLANG_CXX_LANGUAGE_STANDARD = "gnu++20";
				CLANG_ENABLE_MODULES = YES;
				CLANG_ENABLE_OBJC_ARC = YES;
				CLANG_ENABLE_OBJC_WEAK = YES;
				CLANG_WARN_BLOCK_CAPTURE_AUTORELEASING = YES;
				CLANG_WARN_BOOL_CONVERSION = YES;
				CLANG_WARN_COMMA = YES;
				CLANG_WARN_CONSTANT_CONVERSION = YES;
				CLANG_WARN_DEPRECATED_OBJC_IMPLEMENTATIONS = YES;
				CLANG_WARN_DIRECT_OBJC_ISA_USAGE = YES_ERROR;
				CLANG_WARN_DOCUMENTATION_COMMENTS = YES;
				CLANG_WARN_EMPTY_BODY = YES;
				CLANG_WARN_ENUM_CONVERSION = YES;
				CLANG_WARN_INFINITE_RECURSION = YES;
				CLANG_WARN_INT_CONVERSION = YES;
				CLANG_WARN_NON_LITERAL_NULL_CONVERSION = YES;
				CLANG_WARN_OBJC_IMPLICIT_RETAIN_SELF = YES;
				CLANG_WARN_OBJC_LITERAL_CONVERSION = YES;
				CLANG_WARN_OBJC_ROOT_CLASS = YES_ERROR;
				CLANG_WARN_QUOTED_INCLUDE_IN_FRAMEWORK_HEADER = YES;
				CLANG_WARN_RANGE_LOOP_ANALYSIS = YES;
				CLANG_WARN_STRICT_PROTOTYPES = YES;
				CLANG_WARN_SUSPICIOUS_MOVE = YES;
				CLANG_WARN_UNGUARDED_AVAILABILITY = YES_AGGRESSIVE;
				CLANG_WARN_UNREACHABLE_CODE = YES;
				CLANG_WARN__DUPLICATE_METHOD_MATCH = YES;
				COPY_PHASE_STRIP = NO;
				DEBUG_INFORMATION_FORMAT = dwarf;
				ENABLE_STRICT_OBJC_MSGSEND = YES;
				ENABLE_TESTABILITY = YES;
				ENABLE_USER_SCRIPT_SANDBOXING = YES;
				GCC_C_LANGUAGE_STANDARD = gnu17;
				GCC_DYNAMIC_NO_PIC = NO;
				GCC_NO_COMMON_BLOCKS = YES;
				GCC_OPTIMIZATION_LEVEL = 0;
				GCC_PREPROCESSOR_DEFINITIONS = (
					"DEBUG=1",
					"$(inherited)",
				);
				GCC_WARN_64_TO_32_BIT_CONVERSION = YES;
				GCC_WARN_ABOUT_RETURN_TYPE = YES_ERROR;
				GCC_WARN_UNDECLARED_SELECTOR = YES;
				GCC_WARN_UNINITIALIZED_AUTOS = YES_AGGRESSIVE;
				GCC_WARN_UNUSED_FUNCTION = YES;
				GCC_WARN_UNUSED_VARIABLE = YES;
				IPHONEOS_DEPLOYMENT_TARGET = 17.0;
				LOCALIZATION_PREFERS_STRING_CATALOGS = YES;
				MTL_ENABLE_DEBUG_INFO = INCLUDE_SOURCE;
				MTL_FAST_MATH = YES;
				ONLY_ACTIVE_ARCH = YES;
				SDKROOT = iphoneos;
				SWIFT_ACTIVE_COMPILATION_CONDITIONS = "DEBUG $(inherited)";
				SWIFT_OPTIMIZATION_LEVEL = "-Onone";
			};
			name = Debug;
		};
		E3E3AACB2B1EDE110047EBFA /* Release */ = {
			isa = XCBuildConfiguration;
			buildSettings = {
				ALWAYS_SEARCH_USER_PATHS = NO;
				ASSETCATALOG_COMPILER_GENERATE_SWIFT_ASSET_SYMBOL_EXTENSIONS = YES;
				CLANG_ANALYZER_NONNULL = YES;
				CLANG_ANALYZER_NUMBER_OBJECT_CONVERSION = YES_AGGRESSIVE;
				CLANG_CXX_LANGUAGE_STANDARD = "gnu++20";
				CLANG_ENABLE_MODULES = YES;
				CLANG_ENABLE_OBJC_ARC = YES;
				CLANG_ENABLE_OBJC_WEAK = YES;
				CLANG_WARN_BLOCK_CAPTURE_AUTORELEASING = YES;
				CLANG_WARN_BOOL_CONVERSION = YES;
				CLANG_WARN_COMMA = YES;
				CLANG_WARN_CONSTANT_CONVERSION = YES;
				CLANG_WARN_DEPRECATED_OBJC_IMPLEMENTATIONS = YES;
				CLANG_WARN_DIRECT_OBJC_ISA_USAGE = YES_ERROR;
				CLANG_WARN_DOCUMENTATION_COMMENTS = YES;
				CLANG_WARN_EMPTY_BODY = YES;
				CLANG_WARN_ENUM_CONVERSION = YES;
				CLANG_WARN_INFINITE_RECURSION = YES;
				CLANG_WARN_INT_CONVERSION = YES;
				CLANG_WARN_NON_LITERAL_NULL_CONVERSION = YES;
				CLANG_WARN_OBJC_IMPLICIT_RETAIN_SELF = YES;
				CLANG_WARN_OBJC_LITERAL_CONVERSION = YES;
				CLANG_WARN_OBJC_ROOT_CLASS = YES_ERROR;
				CLANG_WARN_QUOTED_INCLUDE_IN_FRAMEWORK_HEADER = YES;
				CLANG_WARN_RANGE_LOOP_ANALYSIS = YES;
				CLANG_WARN_STRICT_PROTOTYPES = YES;
				CLANG_WARN_SUSPICIOUS_MOVE = YES;
				CLANG_WARN_UNGUARDED_AVAILABILITY = YES_AGGRESSIVE;
				CLANG_WARN_UNREACHABLE_CODE = YES;
				CLANG_WARN__DUPLICATE_METHOD_MATCH = YES;
				COPY_PHASE_STRIP = NO;
				DEBUG_INFORMATION_FORMAT = "dwarf-with-dsym";
				ENABLE_NS_ASSERTIONS = NO;
				ENABLE_STRICT_OBJC_MSGSEND = YES;
				ENABLE_USER_SCRIPT_SANDBOXING = YES;
				GCC_C_LANGUAGE_STANDARD = gnu17;
				GCC_NO_COMMON_BLOCKS = YES;
				GCC_WARN_64_TO_32_BIT_CONVERSION = YES;
				GCC_WARN_ABOUT_RETURN_TYPE = YES_ERROR;
				GCC_WARN_UNDECLARED_SELECTOR = YES;
				GCC_WARN_UNINITIALIZED_AUTOS = YES_AGGRESSIVE;
				GCC_WARN_UNUSED_FUNCTION = YES;
				GCC_WARN_UNUSED_VARIABLE = YES;
				IPHONEOS_DEPLOYMENT_TARGET = 17.0;
				LOCALIZATION_PREFERS_STRING_CATALOGS = YES;
				MTL_ENABLE_DEBUG_INFO = NO;
				MTL_FAST_MATH = YES;
				SDKROOT = iphoneos;
				SWIFT_COMPILATION_MODE = wholemodule;
				VALIDATE_PRODUCT = YES;
			};
			name = Release;
		};
		E3E3AACD2B1EDE110047EBFA /* Debug */ = {
			isa = XCBuildConfiguration;
			buildSettings = {
				ASSETCATALOG_COMPILER_APPICON_NAME = AppIcon;
				ASSETCATALOG_COMPILER_GLOBAL_ACCENT_COLOR_NAME = AccentColor;
				CODE_SIGN_STYLE = Automatic;
				CURRENT_PROJECT_VERSION = 1;
				DEVELOPMENT_ASSET_PATHS = "\"Notas/Preview Content\"";
				DEVELOPMENT_TEAM = 7VP5583697;
				ENABLE_PREVIEWS = YES;
				GENERATE_INFOPLIST_FILE = YES;
				INFOPLIST_KEY_UIApplicationSceneManifest_Generation = YES;
				INFOPLIST_KEY_UIApplicationSupportsIndirectInputEvents = YES;
				INFOPLIST_KEY_UILaunchScreen_Generation = YES;
				INFOPLIST_KEY_UISupportedInterfaceOrientations_iPad = "UIInterfaceOrientationPortrait UIInterfaceOrientationPortraitUpsideDown UIInterfaceOrientationLandscapeLeft UIInterfaceOrientationLandscapeRight";
				INFOPLIST_KEY_UISupportedInterfaceOrientations_iPhone = "UIInterfaceOrientationPortrait UIInterfaceOrientationLandscapeLeft UIInterfaceOrientationLandscapeRight";
				LD_RUNPATH_SEARCH_PATHS = (
					"$(inherited)",
					"@executable_path/Frameworks",
				);
				MARKETING_VERSION = 1.0;
				PRODUCT_BUNDLE_IDENTIFIER = com.notasapp.Notas;
				PRODUCT_NAME = "$(TARGET_NAME)";
				SWIFT_EMIT_LOC_STRINGS = YES;
				SWIFT_VERSION = 5.0;
				TARGETED_DEVICE_FAMILY = "1,2";
			};
			name = Debug;
		};
		E3E3AACE2B1EDE110047EBFA /* Release */ = {
			isa = XCBuildConfiguration;
			buildSettings = {
				ASSETCATALOG_COMPILER_APPICON_NAME = AppIcon;
				ASSETCATALOG_COMPILER_GLOBAL_ACCENT_COLOR_NAME = AccentColor;
				CODE_SIGN_STYLE = Automatic;
				CURRENT_PROJECT_VERSION = 1;
				DEVELOPMENT_ASSET_PATHS = "\"Notas/Preview Content\"";
				DEVELOPMENT_TEAM = 7VP5583697;
				ENABLE_PREVIEWS = YES;
				GENERATE_INFOPLIST_FILE = YES;
				INFOPLIST_KEY_UIApplicationSceneManifest_Generation = YES;
				INFOPLIST_KEY_UIApplicationSupportsIndirectInputEvents = YES;
				INFOPLIST_KEY_UILaunchScreen_Generation = YES;
				INFOPLIST_KEY_UISupportedInterfaceOrientations_iPad = "UIInterfaceOrientationPortrait UIInterfaceOrientationPortraitUpsideDown UIInterfaceOrientationLandscapeLeft UIInterfaceOrientationLandscapeRight";
				INFOPLIST_KEY_UISupportedInterfaceOrientations_iPhone = "UIInterfaceOrientationPortrait UIInterfaceOrientationLandscapeLeft UIInterfaceOrientationLandscapeRight";
				LD_RUNPATH_SEARCH_PATHS = (
					"$(inherited)",
					"@executable_path/Frameworks",
				);
				MARKETING_VERSION = 1.0;
				PRODUCT_BUNDLE_IDENTIFIER = com.notasapp.Notas;
				PRODUCT_NAME = "$(TARGET_NAME)";
				SWIFT_EMIT_LOC_STRINGS = YES;
				SWIFT_VERSION = 5.0;
				TARGETED_DEVICE_FAMILY = "1,2";
			};
			name = Release;
		};
		E3E3AAE62B1FA7030047EBFA /* Debug */ = {
			isa = XCBuildConfiguration;
			buildSettings = {
				BUNDLE_LOADER = "$(TEST_HOST)";
				CODE_SIGN_STYLE = Automatic;
				CURRENT_PROJECT_VERSION = 1;
				DEVELOPMENT_TEAM = 7VP5583697;
				GENERATE_INFOPLIST_FILE = YES;
				MARKETING_VERSION = 1.0;
				PRODUCT_BUNDLE_IDENTIFIER = com.notasapp.NotasTests;
				PRODUCT_NAME = "$(TARGET_NAME)";
				SWIFT_EMIT_LOC_STRINGS = NO;
				SWIFT_VERSION = 5.0;
				TARGETED_DEVICE_FAMILY = "1,2";
				TEST_HOST = "$(BUILT_PRODUCTS_DIR)/Notas.app/$(BUNDLE_EXECUTABLE_FOLDER_PATH)/Notas";
			};
			name = Debug;
		};
		E3E3AAE72B1FA7030047EBFA /* Release */ = {
			isa = XCBuildConfiguration;
			buildSettings = {
				BUNDLE_LOADER = "$(TEST_HOST)";
				CODE_SIGN_STYLE = Automatic;
				CURRENT_PROJECT_VERSION = 1;
				DEVELOPMENT_TEAM = 7VP5583697;
				GENERATE_INFOPLIST_FILE = YES;
				MARKETING_VERSION = 1.0;
				PRODUCT_BUNDLE_IDENTIFIER = com.notasapp.NotasTests;
				PRODUCT_NAME = "$(TARGET_NAME)";
				SWIFT_EMIT_LOC_STRINGS = NO;
				SWIFT_VERSION = 5.0;
				TARGETED_DEVICE_FAMILY = "1,2";
				TEST_HOST = "$(BUILT_PRODUCTS_DIR)/Notas.app/$(BUNDLE_EXECUTABLE_FOLDER_PATH)/Notas";
			};
			name = Release;
		};
/* End XCBuildConfiguration section */

/* Begin XCConfigurationList section */
		E3E3AAB72B1EDE0F0047EBFA /* Build configuration list for PBXProject "Notas" */ = {
			isa = XCConfigurationList;
			buildConfigurations = (
				E3E3AACA2B1EDE110047EBFA /* Debug */,
				E3E3AACB2B1EDE110047EBFA /* Release */,
			);
			defaultConfigurationIsVisible = 0;
			defaultConfigurationName = Release;
		};
		E3E3AACC2B1EDE110047EBFA /* Build configuration list for PBXNativeTarget "Notas" */ = {
			isa = XCConfigurationList;
			buildConfigurations = (
				E3E3AACD2B1EDE110047EBFA /* Debug */,
				E3E3AACE2B1EDE110047EBFA /* Release */,
			);
			defaultConfigurationIsVisible = 0;
			defaultConfigurationName = Release;
		};
		E3E3AAE82B1FA7030047EBFA /* Build configuration list for PBXNativeTarget "NotasTests" */ = {
			isa = XCConfigurationList;
			buildConfigurations = (
				E3E3AAE62B1FA7030047EBFA /* Debug */,
				E3E3AAE72B1FA7030047EBFA /* Release */,
			);
			defaultConfigurationIsVisible = 0;
			defaultConfigurationName = Release;
		};
/* End XCConfigurationList section */
	};
	rootObject = E3E3AAB42B1EDE0F0047EBFA /* Project object */;
}
